{
  "nodes": {
    "flake-compat": {
      "flake": false,
      "locked": {
        "lastModified": 1673956053,
        "narHash": "sha256-4gtG9iQuiKITOjNQQeQIpoIB6b16fm+504Ch3sNKLd8=",
        "owner": "edolstra",
        "repo": "flake-compat",
        "rev": "35bb57c0c8d8b62bbfd284272c928ceb64ddbde9",
        "type": "github"
      },
      "original": {
        "owner": "edolstra",
        "repo": "flake-compat",
        "type": "github"
      }
    },
    "flake-parts": {
      "inputs": {
        "nixpkgs-lib": [
          "neovim-nightly-overlay",
          "nixpkgs"
        ]
      },
      "locked": {
        "lastModified": 1693611461,
        "narHash": "sha256-aPODl8vAgGQ0ZYFIRisxYG5MOGSkIczvu2Cd8Gb9+1Y=",
        "owner": "hercules-ci",
        "repo": "flake-parts",
        "rev": "7f53fdb7bdc5bb237da7fefef12d099e4fd611ca",
        "type": "github"
      },
      "original": {
        "owner": "hercules-ci",
        "repo": "flake-parts",
        "type": "github"
      }
    },
    "flake-parts_2": {
      "inputs": {
        "nixpkgs-lib": "nixpkgs-lib"
      },
      "locked": {
        "lastModified": 1688466019,
        "narHash": "sha256-VeM2akYrBYMsb4W/MmBo1zmaMfgbL4cH3Pu8PGyIwJ0=",
        "owner": "hercules-ci",
        "repo": "flake-parts",
        "rev": "8e8d955c22df93dbe24f19ea04f47a74adbdc5ec",
        "type": "github"
      },
      "original": {
        "id": "flake-parts",
        "type": "indirect"
      }
    },
    "flake-parts_3": {
      "inputs": {
        "nixpkgs-lib": [
          "neovim-nightly-overlay",
          "hercules-ci-effects",
          "hercules-ci-agent",
          "nixpkgs"
        ]
      },
      "locked": {
        "lastModified": 1688466019,
        "narHash": "sha256-VeM2akYrBYMsb4W/MmBo1zmaMfgbL4cH3Pu8PGyIwJ0=",
        "owner": "hercules-ci",
        "repo": "flake-parts",
        "rev": "8e8d955c22df93dbe24f19ea04f47a74adbdc5ec",
        "type": "github"
      },
      "original": {
        "owner": "hercules-ci",
        "repo": "flake-parts",
        "type": "github"
      }
    },
    "flake-utils": {
      "inputs": {
        "systems": "systems"
      },
      "locked": {
        "lastModified": 1685518550,
        "narHash": "sha256-o2d0KcvaXzTrPRIo0kOLV0/QXHhDQ5DTi+OxcjO8xqY=",
        "owner": "numtide",
        "repo": "flake-utils",
        "rev": "a1720a10a6cfe8234c0e93907ffe81be440f4cef",
        "type": "github"
      },
      "original": {
        "owner": "numtide",
        "repo": "flake-utils",
        "type": "github"
      }
    },
    "flake-utils_2": {
      "inputs": {
        "systems": "systems_2"
      },
      "locked": {
        "lastModified": 1687709756,
        "narHash": "sha256-Y5wKlQSkgEK2weWdOu4J3riRd+kV/VCgHsqLNTTWQ/0=",
        "owner": "numtide",
        "repo": "flake-utils",
        "rev": "dbabf0ca0c0c4bce6ea5eaf65af5cb694d2082c7",
        "type": "github"
      },
      "original": {
        "owner": "numtide",
        "repo": "flake-utils",
        "type": "github"
      }
    },
    "haskell-flake": {
      "locked": {
        "lastModified": 1684780604,
        "narHash": "sha256-2uMZsewmRn7rRtAnnQNw1lj0uZBMh4m6Cs/7dV5YF08=",
        "owner": "srid",
        "repo": "haskell-flake",
        "rev": "74210fa80a49f1b6f67223debdbf1494596ff9f2",
        "type": "github"
      },
      "original": {
        "owner": "srid",
        "ref": "0.3.0",
        "repo": "haskell-flake",
        "type": "github"
      }
    },
    "hercules-ci-agent": {
      "inputs": {
        "flake-parts": "flake-parts_3",
        "haskell-flake": "haskell-flake",
        "nixpkgs": "nixpkgs"
      },
      "locked": {
        "lastModified": 1688568579,
        "narHash": "sha256-ON0M56wtY/TIIGPkXDlJboAmuYwc73Hi8X9iJGtxOhM=",
        "owner": "hercules-ci",
        "repo": "hercules-ci-agent",
        "rev": "367dd8cd649b57009a6502e878005a1e54ad78c5",
        "type": "github"
      },
      "original": {
        "id": "hercules-ci-agent",
        "type": "indirect"
      }
    },
    "hercules-ci-effects": {
      "inputs": {
        "flake-parts": "flake-parts_2",
        "hercules-ci-agent": "hercules-ci-agent",
        "nixpkgs": [
          "neovim-nightly-overlay",
          "nixpkgs"
        ]
      },
      "locked": {
        "lastModified": 1689397210,
        "narHash": "sha256-fVxZnqxMbsDkB4GzGAs/B41K0wt/e+B/fLxmTFF/S20=",
        "owner": "hercules-ci",
        "repo": "hercules-ci-effects",
        "rev": "0a63bfa3f00a3775ea3a6722b247880f1ffe91ce",
        "type": "github"
      },
      "original": {
        "owner": "hercules-ci",
        "repo": "hercules-ci-effects",
        "type": "github"
      }
    },
    "home-manager": {
      "inputs": {
        "nixpkgs": [
          "nixpkgs"
        ]
      },
      "locked": {
        "lastModified": 1694134858,
        "narHash": "sha256-fG/ESauOGmiojKlpJG8gB62dJa5Wd+ZIuiDMKK/HD3g=",
        "owner": "nix-community",
        "repo": "home-manager",
        "rev": "19c6a4081b14443420358262f8416149bd79561a",
        "type": "github"
      },
      "original": {
        "owner": "nix-community",
        "repo": "home-manager",
        "type": "github"
      }
    },
    "neovim-flake": {
      "inputs": {
        "flake-utils": "flake-utils",
        "nixpkgs": [
          "neovim-nightly-overlay",
          "nixpkgs"
        ]
      },
      "locked": {
        "dir": "contrib",
        "lastModified": 1694214941,
        "narHash": "sha256-rJ3v8Zvq/0uPBS6sQ5imEXoETA8xKcfHVFXcGMjXWHw=",
        "owner": "neovim",
        "repo": "neovim",
        "rev": "82150ca51bf396e5795b49f6e1cb2faaaa07b28b",
        "type": "github"
      },
      "original": {
        "dir": "contrib",
        "owner": "neovim",
        "repo": "neovim",
        "type": "github"
      }
    },
    "neovim-nightly-overlay": {
      "inputs": {
        "flake-compat": "flake-compat",
        "flake-parts": "flake-parts",
        "hercules-ci-effects": "hercules-ci-effects",
        "neovim-flake": "neovim-flake",
        "nixpkgs": "nixpkgs_2"
      },
      "locked": {
        "lastModified": 1694217881,
        "narHash": "sha256-PULENF1kXk5y8bVCMsL6WKlu7nZC0L7oQCgYn/Re5do=",
        "owner": "nix-community",
        "repo": "neovim-nightly-overlay",
        "rev": "b07d386c51ebd1a816f916405bf7526d077a8e7c",
        "type": "github"
      },
      "original": {
        "owner": "nix-community",
        "repo": "neovim-nightly-overlay",
        "type": "github"
      }
    },
    "nil": {
      "inputs": {
        "flake-utils": "flake-utils_2",
        "nixpkgs": "nixpkgs_3",
        "rust-overlay": "rust-overlay"
      },
      "locked": {
        "lastModified": 1694177726,
        "narHash": "sha256-eaYATUkElEbXGcehShhYfcGhrjfTMQEmJqxvO+/5ciw=",
        "owner": "oxalica",
        "repo": "nil",
        "rev": "4775e34c30f6101a9bb4364a0c7e4aae4ae43f11",
        "type": "github"
      },
      "original": {
        "owner": "oxalica",
        "repo": "nil",
        "type": "github"
      }
    },
    "nixos-hardware": {
      "locked": {
        "lastModified": 1693718952,
        "narHash": "sha256-+nGdJlgTk0MPN7NygopipmyylVuAVi7OItIwTlwtGnw=",
        "owner": "NixOS",
        "repo": "nixos-hardware",
        "rev": "793de77d9f83418b428e8ba70d1e42c6507d0d35",
        "type": "github"
      },
      "original": {
        "owner": "NixOS",
        "repo": "nixos-hardware",
        "type": "github"
      }
    },
    "nixpkgs": {
      "locked": {
        "lastModified": 1688322751,
        "narHash": "sha256-eW62dC5f33oKZL7VWlomttbUnOTHrAbte9yNUNW8rbk=",
        "owner": "NixOS",
        "repo": "nixpkgs",
        "rev": "0fbe93c5a7cac99f90b60bdf5f149383daaa615f",
        "type": "github"
      },
      "original": {
        "owner": "NixOS",
        "ref": "nixos-unstable",
        "repo": "nixpkgs",
        "type": "github"
      }
    },
    "nixpkgs-lib": {
      "locked": {
        "dir": "lib",
        "lastModified": 1688049487,
        "narHash": "sha256-100g4iaKC9MalDjUW9iN6Jl/OocTDtXdeAj7pEGIRh4=",
        "owner": "NixOS",
        "repo": "nixpkgs",
        "rev": "4bc72cae107788bf3f24f30db2e2f685c9298dc9",
        "type": "github"
      },
      "original": {
        "dir": "lib",
        "owner": "NixOS",
        "ref": "nixos-unstable",
        "repo": "nixpkgs",
        "type": "github"
      }
    },
    "nixpkgs_2": {
      "locked": {
        "lastModified": 1694062546,
        "narHash": "sha256-PiGI4f2BGnZcedP6slLjCLGLRLXPa9+ogGGgVPfGxys=",
        "owner": "NixOS",
        "repo": "nixpkgs",
        "rev": "b200e0df08f80c32974a6108ce431d8a8a5e6547",
        "type": "github"
      },
      "original": {
        "owner": "NixOS",
        "ref": "nixpkgs-unstable",
        "repo": "nixpkgs",
        "type": "github"
      }
    },
    "nixpkgs_3": {
      "locked": {
        "lastModified": 1690441914,
        "narHash": "sha256-Ac+kJQ5z9MDAMyzSc0i0zJDx2i3qi9NjlW5Lz285G/I=",
        "owner": "nixos",
        "repo": "nixpkgs",
        "rev": "db8672b8d0a2593c2405aed0c1dfa64b2a2f428f",
        "type": "github"
      },
      "original": {
        "owner": "nixos",
        "ref": "nixpkgs-unstable",
        "repo": "nixpkgs",
        "type": "github"
      }
    },
    "nixpkgs_4": {
      "locked": {
        "lastModified": 1693985761,
        "narHash": "sha256-K5b+7j7Tt3+AqbWkcw+wMeqOAWyCD1MH26FPZyWXpdo=",
        "owner": "NixOS",
        "repo": "nixpkgs",
        "rev": "0bffda19b8af722f8069d09d8b6a24594c80b352",
        "type": "github"
      },
      "original": {
        "owner": "NixOS",
        "ref": "nixos-unstable",
        "repo": "nixpkgs",
        "type": "github"
      }
    },
    "root": {
      "inputs": {
        "home-manager": "home-manager",
        "neovim-nightly-overlay": "neovim-nightly-overlay",
        "nil": "nil",
        "nixos-hardware": "nixos-hardware",
        "nixpkgs": "nixpkgs_4"
      }
    },
    "rust-overlay": {
      "inputs": {
        "flake-utils": [
          "nil",
          "flake-utils"
        ],
        "nixpkgs": [
          "nil",
          "nixpkgs"
        ]
      },
      "locked": {
        "lastModified": 1688783586,
        "narHash": "sha256-HHaM2hk2azslv1kH8zmQxXo2e7i5cKgzNIuK4yftzB0=",
        "owner": "oxalica",
        "repo": "rust-overlay",
        "rev": "7a29283cc242c2486fc67f60b431ef708046d176",
        "type": "github"
      },
      "original": {
        "owner": "oxalica",
        "repo": "rust-overlay",
        "type": "github"
      }
    },
    "systems": {
      "locked": {
        "lastModified": 1681028828,
        "narHash": "sha256-Vy1rq5AaRuLzOxct8nz4T6wlgyUR7zLU309k9mBC768=",
        "owner": "nix-systems",
        "repo": "default",
        "rev": "da67096a3b9bf56a91d16901293e51ba5b49a27e",
        "type": "github"
      },
      "original": {
        "owner": "nix-systems",
        "repo": "default",
        "type": "github"
      }
    },
    "systems_2": {
      "locked": {
        "lastModified": 1681028828,
        "narHash": "sha256-Vy1rq5AaRuLzOxct8nz4T6wlgyUR7zLU309k9mBC768=",
        "owner": "nix-systems",
        "repo": "default",
        "rev": "da67096a3b9bf56a91d16901293e51ba5b49a27e",
        "type": "github"
      },
      "original": {
        "owner": "nix-systems",
        "repo": "default",
        "type": "github"
      }
    }
  },
  "root": "root",
  "version": 7
}
